
Microsoft Visual Studio Solution File, Format Version 12.00
# Visual Studio 2012
Project("{FAE04EC0-301F-11D3-BF4B-00C04F79EFBC}") = "Ccao-big-homework", "Ccao-big-homework\Ccao-big-homework.csproj", "{1E60EAC8-7DD5-44EF-AB59-19DDA0EC2562}"
EndProject
Project("{FAE04EC0-301F-11D3-BF4B-00C04F79EFBC}") = "Ccao-big-homework-core", "Ccao-big-homework-core\Ccao-big-homework-core.csproj", "{EAC5B403-9B7E-4330-A103-75FA60884CB6}"
EndProject
Project("{FAE04EC0-301F-11D3-BF4B-00C04F79EFBC}") = "Emgu.CV", "emgucv\Emgu.CV\Emgu.CV.csproj", "{9A1A77FE-F01B-495E-87B7-4B16E4F8C908}"
EndProject
Project("{FAE04EC0-301F-11D3-BF4B-00C04F79EFBC}") = "Emgu.CV.UI", "emgucv\Emgu.CV.UI\Emgu.CV.UI.csproj", "{90E78BBF-C7FE-4D8E-ADE1-75448E866FDB}"
EndProject
Project("{FAE04EC0-301F-11D3-BF4B-00C04F79EFBC}") = "Emgu.CV.ML", "emgucv\Emgu.CV.ML\Emgu.CV.ML.csproj", "{0E89EA04-C88C-410E-9A5A-9CBB8C42A027}"
EndProject
Project("{FAE04EC0-301F-11D3-BF4B-00C04F79EFBC}") = "Emgu.Util", "emgucv\Emgu.Util\Emgu.Util.csproj", "{7C2C5325-8235-4A24-9C67-6BD79A4679E2}"
EndProject
Global
	GlobalSection(SolutionConfigurationPlatforms) = preSolution
		Debug|Any CPU = Debug|Any CPU
		Release|Any CPU = Release|Any CPU
	EndGlobalSection
	GlobalSection(ProjectConfigurationPlatforms) = postSolution
		{1E60EAC8-7DD5-44EF-AB59-19DDA0EC2562}.Debug|Any CPU.ActiveCfg = Debug|Any CPU
		{1E60EAC8-7DD5-44EF-AB59-19DDA0EC2562}.Debug|Any CPU.Build.0 = Debug|Any CPU
		{1E60EAC8-7DD5-44EF-AB59-19DDA0EC2562}.Release|Any CPU.ActiveCfg = Release|Any CPU
		{1E60EAC8-7DD5-44EF-AB59-19DDA0EC2562}.Release|Any CPU.Build.0 = Release|Any CPU
		{EAC5B403-9B7E-4330-A103-75FA60884CB6}.Debug|Any CPU.ActiveCfg = Debug|Any CPU
		{EAC5B403-9B7E-4330-A103-75FA60884CB6}.Debug|Any CPU.Build.0 = Debug|Any CPU
		{EAC5B403-9B7E-4330-A103-75FA60884CB6}.Release|Any CPU.ActiveCfg = Release|Any CPU
		{EAC5B403-9B7E-4330-A103-75FA60884CB6}.Release|Any CPU.Build.0 = Release|Any CPU
		{9A1A77FE-F01B-495E-87B7-4B16E4F8C908}.Debug|Any CPU.ActiveCfg = Debug|Any CPU
		{9A1A77FE-F01B-495E-87B7-4B16E4F8C908}.Debug|Any CPU.Build.0 = Debug|Any CPU
		{9A1A77FE-F01B-495E-87B7-4B16E4F8C908}.Release|Any CPU.ActiveCfg = Release|Any CPU
		{9A1A77FE-F01B-495E-87B7-4B16E4F8C908}.Release|Any CPU.Build.0 = Release|Any CPU
		{90E78BBF-C7FE-4D8E-ADE1-75448E866FDB}.Debug|Any CPU.ActiveCfg = Debug|Any CPU
		{90E78BBF-C7FE-4D8E-ADE1-75448E866FDB}.Debug|Any CPU.Build.0 = Debug|Any CPU
		{90E78BBF-C7FE-4D8E-ADE1-75448E866FDB}.Release|Any CPU.ActiveCfg = Release|Any CPU
		{90E78BBF-C7FE-4D8E-ADE1-75448E866FDB}.Release|Any CPU.Build.0 = Release|Any CPU
		{0E89EA04-C88C-410E-9A5A-9CBB8C42A027}.Debug|Any CPU.ActiveCfg = Debug|Any CPU
		{0E89EA04-C88C-410E-9A5A-9CBB8C42A027}.Debug|Any CPU.Build.0 = Debug|Any CPU
		{0E89EA04-C88C-410E-9A5A-9CBB8C42A027}.Release|Any CPU.ActiveCfg = Release|Any CPU
		{0E89EA04-C88C-410E-9A5A-9CBB8C42A027}.Release|Any CPU.Build.0 = Release|Any CPU
		{7C2C5325-8235-4A24-9C67-6BD79A4679E2}.Debug|Any CPU.ActiveCfg = Debug|Any CPU
		{7C2C5325-8235-4A24-9C67-6BD79A4679E2}.Debug|Any CPU.Build.0 = Debug|Any CPU
		{7C2C5325-8235-4A24-9C67-6BD79A4679E2}.Release|Any CPU.ActiveCfg = Release|Any CPU
		{7C2C5325-8235-4A24-9C67-6BD79A4679E2}.Release|Any CPU.Build.0 = Release|Any CPU
	EndGlobalSection
	GlobalSection(SolutionProperties) = preSolution
		HideSolutionNode = FALSE
	EndGlobalSection
EndGlobal
