
Microsoft Visual Studio Solution File, Format Version 12.00
# Visual Studio 2012
Project("{FAE04EC0-301F-11D3-BF4B-00C04F79EFBC}") = "Ccao-big-homework", "Ccao-big-homework\Ccao-big-homework.csproj", "{1E60EAC8-7DD5-44EF-AB59-19DDA0EC2562}"
EndProject
Project("{FAE04EC0-301F-11D3-BF4B-00C04F79EFBC}") = "Ccao-big-homework-core", "Ccao-big-homework-core\Ccao-big-homework-core.csproj", "{EAC5B403-9B7E-4330-A103-75FA60884CB6}"
EndProject
Global
	GlobalSection(SolutionConfigurationPlatforms) = preSolution
		Debug|Any CPU = Debug|Any CPU
		Release|Any CPU = Release|Any CPU
	EndGlobalSection
	GlobalSection(ProjectConfigurationPlatforms) = postSolution
		{1E60EAC8-7DD5-44EF-AB59-19DDA0EC2562}.Debug|Any CPU.ActiveCfg = Debug|Any CPU
		{1E60EAC8-7DD5-44EF-AB59-19DDA0EC2562}.Debug|Any CPU.Build.0 = Debug|Any CPU
		{1E60EAC8-7DD5-44EF-AB59-19DDA0EC2562}.Release|Any CPU.ActiveCfg = Release|Any CPU
		{1E60EAC8-7DD5-44EF-AB59-19DDA0EC2562}.Release|Any CPU.Build.0 = Release|Any CPU
		{EAC5B403-9B7E-4330-A103-75FA60884CB6}.Debug|Any CPU.ActiveCfg = Debug|Any CPU
		{EAC5B403-9B7E-4330-A103-75FA60884CB6}.Debug|Any CPU.Build.0 = Debug|Any CPU
		{EAC5B403-9B7E-4330-A103-75FA60884CB6}.Release|Any CPU.ActiveCfg = Release|Any CPU
		{EAC5B403-9B7E-4330-A103-75FA60884CB6}.Release|Any CPU.Build.0 = Release|Any CPU
	EndGlobalSection
	GlobalSection(SolutionProperties) = preSolution
		HideSolutionNode = FALSE
	EndGlobalSection
EndGlobal
